
Microsoft Visual Studio Solution File, Format Version 12.00
# Visual Studio Version 17
VisualStudioVersion = 17.10.35013.160
MinimumVisualStudioVersion = 10.0.40219.1
Project("{2150E333-8FDC-42A3-9474-1A3956D46DE8}") = "src", "src", "{8F7F1287-A9D4-4DE5-B088-9F4E033BD5A8}"
EndProject
Project("{2150E333-8FDC-42A3-9474-1A3956D46DE8}") = "src-pkg", "src-pkg", "{E9563CD1-CF66-4FEC-A1BC-3E86286D8E96}"
EndProject
Project("{2150E333-8FDC-42A3-9474-1A3956D46DE8}") = "test", "test", "{5AFEF1BD-CC6B-40CA-B093-F4677CBD37AE}"
EndProject
Project("{2150E333-8FDC-42A3-9474-1A3956D46DE8}") = "framework", "framework", "{0AB429C7-DE40-4CCE-88BE-7A2C6D0F8D23}"
EndProject
Project("{2150E333-8FDC-42A3-9474-1A3956D46DE8}") = "01-Domain", "01-Domain", "{7D22E715-D88F-427E-A0E1-FC86B0163D69}"
EndProject
Project("{2150E333-8FDC-42A3-9474-1A3956D46DE8}") = "02-Infrastructures", "02-Infrastructures", "{AFECDA5C-5A84-4492-A259-D09BF9776613}"
EndProject
Project("{2150E333-8FDC-42A3-9474-1A3956D46DE8}") = "03-Endpoints", "03-Endpoints", "{389E43E6-5D80-4346-A8F1-0E602DC4A38E}"
EndProject
Project("{2150E333-8FDC-42A3-9474-1A3956D46DE8}") = "Core", "Core", "{82F5CA76-8145-4D6D-83D5-11B7957ED485}"
EndProject
Project("{2150E333-8FDC-42A3-9474-1A3956D46DE8}") = "Service", "Service", "{9695F8A1-315D-4540-8B63-A9AA779C36D6}"
EndProject
Project("{9A19103F-16F7-4668-BE54-9A1E7A4F7556}") = "App.Domain.Core", "App.Domain.Core\App.Domain.Core.csproj", "{E49DF761-C681-415C-956D-B7876E39C29C}"
EndProject
Project("{2150E333-8FDC-42A3-9474-1A3956D46DE8}") = "DataAccess", "DataAccess", "{4E8A9122-CF52-480B-9732-95085551C4B8}"
EndProject
Project("{9A19103F-16F7-4668-BE54-9A1E7A4F7556}") = "App.Infra.Data.Repo.Ef", "App.Infra.Data.Repo.Ef\App.Infra.Data.Repo.Ef.csproj", "{74BCE944-3958-4AC3-92A4-DE00ED16214C}"
EndProject
Project("{2150E333-8FDC-42A3-9474-1A3956D46DE8}") = "Db", "Db", "{C1D74B29-70A2-4E21-96BA-F0A98D1455A6}"
EndProject
Project("{2150E333-8FDC-42A3-9474-1A3956D46DE8}") = "Providers", "Providers", "{67F12DC7-21E6-4C63-B07B-21260BA57DDF}"
EndProject
Project("{9A19103F-16F7-4668-BE54-9A1E7A4F7556}") = "App.Infra.Data.Db.SqlServer.Ef", "App.Infra.Data.Db.SqlServer.Ef\App.Infra.Data.Db.SqlServer.Ef.csproj", "{387704BE-83A1-4FF9-9BF2-F8B4124909F8}"
EndProject
Project("{9A19103F-16F7-4668-BE54-9A1E7A4F7556}") = "App.Infra.Data.Db.InMemory", "App.Infra.Data.Db.InMemory\App.Infra.Data.Db.InMemory.csproj", "{A1CE63D5-D7E0-4EEB-BDBA-D35090AEB895}"
EndProject
Project("{9A19103F-16F7-4668-BE54-9A1E7A4F7556}") = "App.EndPoints.MVC.ToDo", "App.EndPoints.MVC.ToDo\App.EndPoints.MVC.ToDo.csproj", "{2D383DDA-7C47-4330-8DC1-30DF0DA331D9}"
EndProject
Project("{9A19103F-16F7-4668-BE54-9A1E7A4F7556}") = "App.Domain.AppServices", "App.Domain.AppServices\App.Domain.AppServices.csproj", "{0E456597-02CF-4DAC-AC30-14A58A650BDD}"
EndProject
Project("{9A19103F-16F7-4668-BE54-9A1E7A4F7556}") = "App.Domain.Services", "App.Domain.Services\App.Domain.Services.csproj", "{996911BE-2554-4B24-BB80-75B1AB919DE4}"
EndProject
Project("{9A19103F-16F7-4668-BE54-9A1E7A4F7556}") = "App.Framework", "App.Framework\App.Framework.csproj", "{8B601A15-4D54-45F1-9438-FE3CA28A0E85}"
EndProject
Project("{9A19103F-16F7-4668-BE54-9A1E7A4F7556}") = "App.Infra.Data.FileStorageService", "App.Infra.Data.Providers.FileStorageService\App.Infra.Data.FileStorageService.csproj", "{9A36454E-2756-47EE-953E-3CC9B9C49044}"
EndProject
Project("{FAE04EC0-301F-11D3-BF4B-00C04F79EFBC}") = "App.Infra.Data.Tools", "App.Infra.Data.Tools\App.Infra.Data.Tools.csproj", "{48FAFBE9-8C1F-4A7F-BA4D-91D78EA5106D}"
EndProject
Global
	GlobalSection(SolutionConfigurationPlatforms) = preSolution
		Debug|Any CPU = Debug|Any CPU
		Release|Any CPU = Release|Any CPU
	EndGlobalSection
	GlobalSection(ProjectConfigurationPlatforms) = postSolution
		{E49DF761-C681-415C-956D-B7876E39C29C}.Debug|Any CPU.ActiveCfg = Debug|Any CPU
		{E49DF761-C681-415C-956D-B7876E39C29C}.Debug|Any CPU.Build.0 = Debug|Any CPU
		{E49DF761-C681-415C-956D-B7876E39C29C}.Release|Any CPU.ActiveCfg = Release|Any CPU
		{E49DF761-C681-415C-956D-B7876E39C29C}.Release|Any CPU.Build.0 = Release|Any CPU
		{74BCE944-3958-4AC3-92A4-DE00ED16214C}.Debug|Any CPU.ActiveCfg = Debug|Any CPU
		{74BCE944-3958-4AC3-92A4-DE00ED16214C}.Debug|Any CPU.Build.0 = Debug|Any CPU
		{74BCE944-3958-4AC3-92A4-DE00ED16214C}.Release|Any CPU.ActiveCfg = Release|Any CPU
		{74BCE944-3958-4AC3-92A4-DE00ED16214C}.Release|Any CPU.Build.0 = Release|Any CPU
		{387704BE-83A1-4FF9-9BF2-F8B4124909F8}.Debug|Any CPU.ActiveCfg = Debug|Any CPU
		{387704BE-83A1-4FF9-9BF2-F8B4124909F8}.Debug|Any CPU.Build.0 = Debug|Any CPU
		{387704BE-83A1-4FF9-9BF2-F8B4124909F8}.Release|Any CPU.ActiveCfg = Release|Any CPU
		{387704BE-83A1-4FF9-9BF2-F8B4124909F8}.Release|Any CPU.Build.0 = Release|Any CPU
		{A1CE63D5-D7E0-4EEB-BDBA-D35090AEB895}.Debug|Any CPU.ActiveCfg = Debug|Any CPU
		{A1CE63D5-D7E0-4EEB-BDBA-D35090AEB895}.Debug|Any CPU.Build.0 = Debug|Any CPU
		{A1CE63D5-D7E0-4EEB-BDBA-D35090AEB895}.Release|Any CPU.ActiveCfg = Release|Any CPU
		{A1CE63D5-D7E0-4EEB-BDBA-D35090AEB895}.Release|Any CPU.Build.0 = Release|Any CPU
		{2D383DDA-7C47-4330-8DC1-30DF0DA331D9}.Debug|Any CPU.ActiveCfg = Debug|Any CPU
		{2D383DDA-7C47-4330-8DC1-30DF0DA331D9}.Debug|Any CPU.Build.0 = Debug|Any CPU
		{2D383DDA-7C47-4330-8DC1-30DF0DA331D9}.Release|Any CPU.ActiveCfg = Release|Any CPU
		{2D383DDA-7C47-4330-8DC1-30DF0DA331D9}.Release|Any CPU.Build.0 = Release|Any CPU
		{0E456597-02CF-4DAC-AC30-14A58A650BDD}.Debug|Any CPU.ActiveCfg = Debug|Any CPU
		{0E456597-02CF-4DAC-AC30-14A58A650BDD}.Debug|Any CPU.Build.0 = Debug|Any CPU
		{0E456597-02CF-4DAC-AC30-14A58A650BDD}.Release|Any CPU.ActiveCfg = Release|Any CPU
		{0E456597-02CF-4DAC-AC30-14A58A650BDD}.Release|Any CPU.Build.0 = Release|Any CPU
		{996911BE-2554-4B24-BB80-75B1AB919DE4}.Debug|Any CPU.ActiveCfg = Debug|Any CPU
		{996911BE-2554-4B24-BB80-75B1AB919DE4}.Debug|Any CPU.Build.0 = Debug|Any CPU
		{996911BE-2554-4B24-BB80-75B1AB919DE4}.Release|Any CPU.ActiveCfg = Release|Any CPU
		{996911BE-2554-4B24-BB80-75B1AB919DE4}.Release|Any CPU.Build.0 = Release|Any CPU
		{8B601A15-4D54-45F1-9438-FE3CA28A0E85}.Debug|Any CPU.ActiveCfg = Debug|Any CPU
		{8B601A15-4D54-45F1-9438-FE3CA28A0E85}.Debug|Any CPU.Build.0 = Debug|Any CPU
		{8B601A15-4D54-45F1-9438-FE3CA28A0E85}.Release|Any CPU.ActiveCfg = Release|Any CPU
		{8B601A15-4D54-45F1-9438-FE3CA28A0E85}.Release|Any CPU.Build.0 = Release|Any CPU
		{9A36454E-2756-47EE-953E-3CC9B9C49044}.Debug|Any CPU.ActiveCfg = Debug|Any CPU
		{9A36454E-2756-47EE-953E-3CC9B9C49044}.Debug|Any CPU.Build.0 = Debug|Any CPU
		{9A36454E-2756-47EE-953E-3CC9B9C49044}.Release|Any CPU.ActiveCfg = Release|Any CPU
		{9A36454E-2756-47EE-953E-3CC9B9C49044}.Release|Any CPU.Build.0 = Release|Any CPU
		{48FAFBE9-8C1F-4A7F-BA4D-91D78EA5106D}.Debug|Any CPU.ActiveCfg = Debug|Any CPU
		{48FAFBE9-8C1F-4A7F-BA4D-91D78EA5106D}.Debug|Any CPU.Build.0 = Debug|Any CPU
		{48FAFBE9-8C1F-4A7F-BA4D-91D78EA5106D}.Release|Any CPU.ActiveCfg = Release|Any CPU
		{48FAFBE9-8C1F-4A7F-BA4D-91D78EA5106D}.Release|Any CPU.Build.0 = Release|Any CPU
	EndGlobalSection
	GlobalSection(SolutionProperties) = preSolution
		HideSolutionNode = FALSE
	EndGlobalSection
	GlobalSection(NestedProjects) = preSolution
		{7D22E715-D88F-427E-A0E1-FC86B0163D69} = {8F7F1287-A9D4-4DE5-B088-9F4E033BD5A8}
		{AFECDA5C-5A84-4492-A259-D09BF9776613} = {8F7F1287-A9D4-4DE5-B088-9F4E033BD5A8}
		{389E43E6-5D80-4346-A8F1-0E602DC4A38E} = {8F7F1287-A9D4-4DE5-B088-9F4E033BD5A8}
		{82F5CA76-8145-4D6D-83D5-11B7957ED485} = {7D22E715-D88F-427E-A0E1-FC86B0163D69}
		{9695F8A1-315D-4540-8B63-A9AA779C36D6} = {7D22E715-D88F-427E-A0E1-FC86B0163D69}
		{E49DF761-C681-415C-956D-B7876E39C29C} = {82F5CA76-8145-4D6D-83D5-11B7957ED485}
		{4E8A9122-CF52-480B-9732-95085551C4B8} = {AFECDA5C-5A84-4492-A259-D09BF9776613}
		{74BCE944-3958-4AC3-92A4-DE00ED16214C} = {4E8A9122-CF52-480B-9732-95085551C4B8}
		{C1D74B29-70A2-4E21-96BA-F0A98D1455A6} = {AFECDA5C-5A84-4492-A259-D09BF9776613}
		{67F12DC7-21E6-4C63-B07B-21260BA57DDF} = {AFECDA5C-5A84-4492-A259-D09BF9776613}
		{387704BE-83A1-4FF9-9BF2-F8B4124909F8} = {C1D74B29-70A2-4E21-96BA-F0A98D1455A6}
		{A1CE63D5-D7E0-4EEB-BDBA-D35090AEB895} = {C1D74B29-70A2-4E21-96BA-F0A98D1455A6}
		{2D383DDA-7C47-4330-8DC1-30DF0DA331D9} = {389E43E6-5D80-4346-A8F1-0E602DC4A38E}
		{0E456597-02CF-4DAC-AC30-14A58A650BDD} = {9695F8A1-315D-4540-8B63-A9AA779C36D6}
		{996911BE-2554-4B24-BB80-75B1AB919DE4} = {9695F8A1-315D-4540-8B63-A9AA779C36D6}
		{8B601A15-4D54-45F1-9438-FE3CA28A0E85} = {0AB429C7-DE40-4CCE-88BE-7A2C6D0F8D23}
		{9A36454E-2756-47EE-953E-3CC9B9C49044} = {AFECDA5C-5A84-4492-A259-D09BF9776613}
		{48FAFBE9-8C1F-4A7F-BA4D-91D78EA5106D} = {AFECDA5C-5A84-4492-A259-D09BF9776613}
	EndGlobalSection
	GlobalSection(ExtensibilityGlobals) = postSolution
		SolutionGuid = {955EB444-E2D6-40D2-9D3A-DA006FD7D902}
	EndGlobalSection
EndGlobal
